
Microsoft Visual Studio Solution File, Format Version 12.00
# Visual Studio 15
VisualStudioVersion = 15.0.27130.2027
MinimumVisualStudioVersion = 10.0.40219.1
Project("{FAE04EC0-301F-11D3-BF4B-00C04F79EFBC}") = "LibProtection.Playground", "LibProtection.Playground\LibProtection.Playground.csproj", "{477095F4-08A3-4520-B297-923E87319968}"
EndProject
Project("{9A19103F-16F7-4668-BE54-9A1E7A4F7556}") = "LibProtection.Injections", "..\LibProtection.Injections\LibProtection.Injections\LibProtection.Injections.csproj", "{C47CE6DC-EB08-4860-AF70-BB4155444862}"
EndProject
Global
	GlobalSection(SolutionConfigurationPlatforms) = preSolution
		Debug|Any CPU = Debug|Any CPU
		Release|Any CPU = Release|Any CPU
	EndGlobalSection
	GlobalSection(ProjectConfigurationPlatforms) = postSolution
		{477095F4-08A3-4520-B297-923E87319968}.Debug|Any CPU.ActiveCfg = Debug|Any CPU
		{477095F4-08A3-4520-B297-923E87319968}.Debug|Any CPU.Build.0 = Debug|Any CPU
		{477095F4-08A3-4520-B297-923E87319968}.Release|Any CPU.ActiveCfg = Release|Any CPU
		{477095F4-08A3-4520-B297-923E87319968}.Release|Any CPU.Build.0 = Release|Any CPU
		{C47CE6DC-EB08-4860-AF70-BB4155444862}.Debug|Any CPU.ActiveCfg = Debug|Any CPU
		{C47CE6DC-EB08-4860-AF70-BB4155444862}.Debug|Any CPU.Build.0 = Debug|Any CPU
		{C47CE6DC-EB08-4860-AF70-BB4155444862}.Release|Any CPU.ActiveCfg = Release|Any CPU
		{C47CE6DC-EB08-4860-AF70-BB4155444862}.Release|Any CPU.Build.0 = Release|Any CPU
	EndGlobalSection
	GlobalSection(SolutionProperties) = preSolution
		HideSolutionNode = FALSE
	EndGlobalSection
	GlobalSection(ExtensibilityGlobals) = postSolution
		SolutionGuid = {083E1955-A8E1-4996-AA73-33B0C4B9291C}
	EndGlobalSection
EndGlobal
