
Microsoft Visual Studio Solution File, Format Version 12.00
# Visual Studio 15
VisualStudioVersion = 15.0.27004.2005
MinimumVisualStudioVersion = 10.0.40219.1
Project("{FAE04EC0-301F-11D3-BF4B-00C04F79EFBC}") = "LibProtection.Injections", "LibProtection.Injections\LibProtection.Injections.csproj", "{20BBA706-BA92-4B83-85D5-30E91C71BA13}"
EndProject
Project("{FAE04EC0-301F-11D3-BF4B-00C04F79EFBC}") = "LibProtection.Injections.UnitTests", "LibProtection.Injections.UnitTests\LibProtection.Injections.UnitTests.csproj", "{F60B0DFF-E147-4BA5-BAAD-4FED5F79868A}"
EndProject
Project("{2150E333-8FDC-42A3-9474-1A3956D46DE8}") = "Solution Items", "Solution Items", "{4B89CA8F-40D7-4F60-96C7-77D12ED3878E}"
	ProjectSection(SolutionItems) = preProject
		LibProtection.snk = LibProtection.snk
	EndProjectSection
EndProject
Project("{FAE04EC0-301F-11D3-BF4B-00C04F79EFBC}") = "LibProtection.TestSite", "LibProtection.TestSite\LibProtection.TestSite.csproj", "{477095F4-08A3-4520-B297-923E87319968}"
EndProject
Global
	GlobalSection(SolutionConfigurationPlatforms) = preSolution
		Debug|Any CPU = Debug|Any CPU
		Release|Any CPU = Release|Any CPU
	EndGlobalSection
	GlobalSection(ProjectConfigurationPlatforms) = postSolution
		{20BBA706-BA92-4B83-85D5-30E91C71BA13}.Debug|Any CPU.ActiveCfg = Debug|Any CPU
		{20BBA706-BA92-4B83-85D5-30E91C71BA13}.Debug|Any CPU.Build.0 = Debug|Any CPU
		{20BBA706-BA92-4B83-85D5-30E91C71BA13}.Release|Any CPU.ActiveCfg = Release|Any CPU
		{20BBA706-BA92-4B83-85D5-30E91C71BA13}.Release|Any CPU.Build.0 = Release|Any CPU
		{F60B0DFF-E147-4BA5-BAAD-4FED5F79868A}.Debug|Any CPU.ActiveCfg = Debug|Any CPU
		{F60B0DFF-E147-4BA5-BAAD-4FED5F79868A}.Debug|Any CPU.Build.0 = Debug|Any CPU
		{F60B0DFF-E147-4BA5-BAAD-4FED5F79868A}.Release|Any CPU.ActiveCfg = Release|Any CPU
		{F60B0DFF-E147-4BA5-BAAD-4FED5F79868A}.Release|Any CPU.Build.0 = Release|Any CPU
		{477095F4-08A3-4520-B297-923E87319968}.Debug|Any CPU.ActiveCfg = Debug|Any CPU
		{477095F4-08A3-4520-B297-923E87319968}.Debug|Any CPU.Build.0 = Debug|Any CPU
		{477095F4-08A3-4520-B297-923E87319968}.Release|Any CPU.ActiveCfg = Release|Any CPU
		{477095F4-08A3-4520-B297-923E87319968}.Release|Any CPU.Build.0 = Release|Any CPU
	EndGlobalSection
	GlobalSection(SolutionProperties) = preSolution
		HideSolutionNode = FALSE
	EndGlobalSection
	GlobalSection(ExtensibilityGlobals) = postSolution
		SolutionGuid = {B09DA113-A177-4529-B2DD-BC5D62AE635E}
	EndGlobalSection
EndGlobal
