
Microsoft Visual Studio Solution File, Format Version 12.00
# Visual Studio 15
VisualStudioVersion = 15.0.27130.2027
MinimumVisualStudioVersion = 10.0.40219.1
Project("{9A19103F-16F7-4668-BE54-9A1E7A4F7556}") = "LibProtection.Injections", "LibProtection.Injections\LibProtection.Injections.csproj", "{EBEF0283-BEBD-40BD-9A09-4E2D80A43681}"
EndProject
Project("{9A19103F-16F7-4668-BE54-9A1E7A4F7556}") = "LibProtection.Injections.Tests", "LibProtection.Injections.Tests\LibProtection.Injections.Tests.csproj", "{023B2640-F991-4C71-8F5A-1629640F6678}"
EndProject
Project("{FAE04EC0-301F-11D3-BF4B-00C04F79EFBC}") = "LibProtection.TestSite", "LibProtection.TestSite\LibProtection.TestSite.csproj", "{477095F4-08A3-4520-B297-923E87319968}"
EndProject
Global
	GlobalSection(SolutionConfigurationPlatforms) = preSolution
		Debug|Any CPU = Debug|Any CPU
		Release|Any CPU = Release|Any CPU
	EndGlobalSection
	GlobalSection(ProjectConfigurationPlatforms) = postSolution
		{EBEF0283-BEBD-40BD-9A09-4E2D80A43681}.Debug|Any CPU.ActiveCfg = Debug|Any CPU
		{EBEF0283-BEBD-40BD-9A09-4E2D80A43681}.Debug|Any CPU.Build.0 = Debug|Any CPU
		{EBEF0283-BEBD-40BD-9A09-4E2D80A43681}.Release|Any CPU.ActiveCfg = Release|Any CPU
		{EBEF0283-BEBD-40BD-9A09-4E2D80A43681}.Release|Any CPU.Build.0 = Release|Any CPU
		{023B2640-F991-4C71-8F5A-1629640F6678}.Debug|Any CPU.ActiveCfg = Debug|Any CPU
		{023B2640-F991-4C71-8F5A-1629640F6678}.Debug|Any CPU.Build.0 = Debug|Any CPU
		{023B2640-F991-4C71-8F5A-1629640F6678}.Release|Any CPU.ActiveCfg = Release|Any CPU
		{023B2640-F991-4C71-8F5A-1629640F6678}.Release|Any CPU.Build.0 = Release|Any CPU
		{477095F4-08A3-4520-B297-923E87319968}.Debug|Any CPU.ActiveCfg = Debug|Any CPU
		{477095F4-08A3-4520-B297-923E87319968}.Debug|Any CPU.Build.0 = Debug|Any CPU
		{477095F4-08A3-4520-B297-923E87319968}.Release|Any CPU.ActiveCfg = Release|Any CPU
		{477095F4-08A3-4520-B297-923E87319968}.Release|Any CPU.Build.0 = Release|Any CPU
	EndGlobalSection
	GlobalSection(SolutionProperties) = preSolution
		HideSolutionNode = FALSE
	EndGlobalSection
	GlobalSection(ExtensibilityGlobals) = postSolution
		SolutionGuid = {D29404FF-D3C4-4BCF-AFA4-856A44C8AA35}
	EndGlobalSection
EndGlobal
